
Microsoft Visual Studio Solution File, Format Version 12.00
# Visual Studio Version 16
VisualStudioVersion = 16.0.33423.256
MinimumVisualStudioVersion = 10.0.40219.1
Project("{8BC9CEB8-8B4A-11D0-8D11-00A0C91BC942}") = "Lab1.OOP", "Lab1.OOP\Lab1.OOP.vcxproj", "{5462547E-54A5-4EF3-A32C-2B7F3A878382}"
EndProject
Global
	GlobalSection(SolutionConfigurationPlatforms) = preSolution
		Debug|x64 = Debug|x64
		Debug|x86 = Debug|x86
		Release|x64 = Release|x64
		Release|x86 = Release|x86
	EndGlobalSection
	GlobalSection(ProjectConfigurationPlatforms) = postSolution
		{5462547E-54A5-4EF3-A32C-2B7F3A878382}.Debug|x64.ActiveCfg = Debug|x64
		{5462547E-54A5-4EF3-A32C-2B7F3A878382}.Debug|x64.Build.0 = Debug|x64
		{5462547E-54A5-4EF3-A32C-2B7F3A878382}.Debug|x86.ActiveCfg = Debug|Win32
		{5462547E-54A5-4EF3-A32C-2B7F3A878382}.Debug|x86.Build.0 = Debug|Win32
		{5462547E-54A5-4EF3-A32C-2B7F3A878382}.Release|x64.ActiveCfg = Release|x64
		{5462547E-54A5-4EF3-A32C-2B7F3A878382}.Release|x64.Build.0 = Release|x64
		{5462547E-54A5-4EF3-A32C-2B7F3A878382}.Release|x86.ActiveCfg = Release|Win32
		{5462547E-54A5-4EF3-A32C-2B7F3A878382}.Release|x86.Build.0 = Release|Win32
	EndGlobalSection
	GlobalSection(SolutionProperties) = preSolution
		HideSolutionNode = FALSE
	EndGlobalSection
	GlobalSection(ExtensibilityGlobals) = postSolution
		SolutionGuid = {BE705E72-D1FB-41A1-8651-DBD1F3878879}
	EndGlobalSection
EndGlobal
